
Microsoft Visual Studio Solution File, Format Version 12.00
Project("{FAE04EC0-301F-11D3-BF4B-00C04F79EFBC}") = "BulkyBook", "BulkyBook\BulkyBook.csproj", "{F68B22BE-ADC2-4D6C-BFE5-760B443C9113}"
EndProject
Global
	GlobalSection(SolutionConfigurationPlatforms) = preSolution
		Debug|Any CPU = Debug|Any CPU
		Release|Any CPU = Release|Any CPU
	EndGlobalSection
	GlobalSection(ProjectConfigurationPlatforms) = postSolution
		{F68B22BE-ADC2-4D6C-BFE5-760B443C9113}.Debug|Any CPU.ActiveCfg = Debug|Any CPU
		{F68B22BE-ADC2-4D6C-BFE5-760B443C9113}.Debug|Any CPU.Build.0 = Debug|Any CPU
		{F68B22BE-ADC2-4D6C-BFE5-760B443C9113}.Release|Any CPU.ActiveCfg = Release|Any CPU
		{F68B22BE-ADC2-4D6C-BFE5-760B443C9113}.Release|Any CPU.Build.0 = Release|Any CPU
	EndGlobalSection
EndGlobal
